
Microsoft Visual Studio Solution File, Format Version 12.00
# Visual Studio 15
VisualStudioVersion = 15.0.28010.2050
MinimumVisualStudioVersion = 10.0.40219.1
Project("{FAE04EC0-301F-11D3-BF4B-00C04F79EFBC}") = "Snake", "Snake\Snake.csproj", "{05E3F6AC-4194-4353-AE62-9AB8B4B6A17C}"
EndProject
Global
	GlobalSection(SolutionConfigurationPlatforms) = preSolution
		Debug|Any CPU = Debug|Any CPU
		Release|Any CPU = Release|Any CPU
	EndGlobalSection
	GlobalSection(ProjectConfigurationPlatforms) = postSolution
		{05E3F6AC-4194-4353-AE62-9AB8B4B6A17C}.Debug|Any CPU.ActiveCfg = Debug|Any CPU
		{05E3F6AC-4194-4353-AE62-9AB8B4B6A17C}.Debug|Any CPU.Build.0 = Debug|Any CPU
		{05E3F6AC-4194-4353-AE62-9AB8B4B6A17C}.Release|Any CPU.ActiveCfg = Release|Any CPU
		{05E3F6AC-4194-4353-AE62-9AB8B4B6A17C}.Release|Any CPU.Build.0 = Release|Any CPU
	EndGlobalSection
	GlobalSection(SolutionProperties) = preSolution
		HideSolutionNode = FALSE
	EndGlobalSection
	GlobalSection(ExtensibilityGlobals) = postSolution
		SolutionGuid = {5838CE2E-C4FA-453F-AA38-8B2E2DC2FCF0}
	EndGlobalSection
EndGlobal
